
Microsoft Visual Studio Solution File, Format Version 12.00
# Visual Studio Version 17
VisualStudioVersion = 17.1.32120.378
MinimumVisualStudioVersion = 10.0.40219.1
Project("{9A19103F-16F7-4668-BE54-9A1E7A4F7556}") = "Word List Solver", "WordlistSolver\Word List Solver.csproj", "{2785688E-826F-4304-9175-43B366D51239}"
EndProject
Global
	GlobalSection(SolutionConfigurationPlatforms) = preSolution
		Debug|Any CPU = Debug|Any CPU
		Release|Any CPU = Release|Any CPU
	EndGlobalSection
	GlobalSection(ProjectConfigurationPlatforms) = postSolution
		{2785688E-826F-4304-9175-43B366D51239}.Debug|Any CPU.ActiveCfg = Debug|Any CPU
		{2785688E-826F-4304-9175-43B366D51239}.Debug|Any CPU.Build.0 = Debug|Any CPU
		{2785688E-826F-4304-9175-43B366D51239}.Release|Any CPU.ActiveCfg = Release|Any CPU
		{2785688E-826F-4304-9175-43B366D51239}.Release|Any CPU.Build.0 = Release|Any CPU
	EndGlobalSection
	GlobalSection(SolutionProperties) = preSolution
		HideSolutionNode = FALSE
	EndGlobalSection
	GlobalSection(ExtensibilityGlobals) = postSolution
		SolutionGuid = {58602A49-3746-4665-84E5-68A11D8DD988}
	EndGlobalSection
EndGlobal
